
Microsoft Visual Studio Solution File, Format Version 12.00
# Visual Studio Version 17
VisualStudioVersion = 17.1.32210.238
MinimumVisualStudioVersion = 10.0.40219.1
Project("{FAE04EC0-301F-11D3-BF4B-00C04F79EFBC}") = "RH", "RH.csproj", "{1712814E-0345-4F29-B9EE-9CAB8FDCD200}"
EndProject
Global
	GlobalSection(SolutionConfigurationPlatforms) = preSolution
		Debug|Any CPU = Debug|Any CPU
		Release|Any CPU = Release|Any CPU
	EndGlobalSection
	GlobalSection(ProjectConfigurationPlatforms) = postSolution
		{1712814E-0345-4F29-B9EE-9CAB8FDCD200}.Debug|Any CPU.ActiveCfg = Debug|Any CPU
		{1712814E-0345-4F29-B9EE-9CAB8FDCD200}.Debug|Any CPU.Build.0 = Debug|Any CPU
		{1712814E-0345-4F29-B9EE-9CAB8FDCD200}.Release|Any CPU.ActiveCfg = Release|Any CPU
		{1712814E-0345-4F29-B9EE-9CAB8FDCD200}.Release|Any CPU.Build.0 = Release|Any CPU
	EndGlobalSection
	GlobalSection(SolutionProperties) = preSolution
		HideSolutionNode = FALSE
	EndGlobalSection
	GlobalSection(ExtensibilityGlobals) = postSolution
		SolutionGuid = {A7F1D57E-5E97-46D5-A47C-5113E63C9945}
	EndGlobalSection
EndGlobal
